
Microsoft Visual Studio Solution File, Format Version 12.00
# Visual Studio 15
VisualStudioVersion = 15.0.27130.2003
MinimumVisualStudioVersion = 10.0.40219.1
Project("{FAE04EC0-301F-11D3-BF4B-00C04F79EFBC}") = "ADHDTech.CiscoCrypt", "ADHDTech.CiscoCrypt\ADHDTech.CiscoCrypt.csproj", "{86C632F6-C599-4370-80AF-3FB963A2742C}"
EndProject
Project("{FAE04EC0-301F-11D3-BF4B-00C04F79EFBC}") = "ADHDTech.Tester", "ADHDTech.Tester\ADHDTech.Tester.csproj", "{1F6710E9-ED7B-4288-9EC0-5FB531F664B0}"
EndProject
Project("{FAE04EC0-301F-11D3-BF4B-00C04F79EFBC}") = "ADHDTech.TestWFPApp", "ADHDTech.TestWFPApp\ADHDTech.TestWFPApp.csproj", "{DC74F425-C74E-416E-A4F0-4D734DFF4A71}"
EndProject
Project("{FAE04EC0-301F-11D3-BF4B-00C04F79EFBC}") = "ADHDTech.CiscoSCP", "ADHDTech.CiscoSCP\ADHDTech.CiscoSCP.csproj", "{87B03CDE-7E9A-414B-B47C-E1B76E52BCF6}"
EndProject
Project("{FAE04EC0-301F-11D3-BF4B-00C04F79EFBC}") = "DRS Backup Decrypter", "ADHDTech.DRSBackupDecrypter\DRS Backup Decrypter.csproj", "{B2968C8D-BF74-496C-8455-581EECFB3DC0}"
EndProject
Project("{FAE04EC0-301F-11D3-BF4B-00C04F79EFBC}") = "Renci.SshNet", "Renci.SshNet\Renci.SshNet.csproj", "{2F5F8C90-0BD1-424F-997C-7BC6280919D1}"
EndProject
Project("{FAE04EC0-301F-11D3-BF4B-00C04F79EFBC}") = "UCOS Password Decrypter", "ADHDTech.UCOSPasswordDecrypter\UCOS Password Decrypter.csproj", "{CD960BFA-F8CB-4EA8-864A-8226A517AE28}"
EndProject
Project("{FAE04EC0-301F-11D3-BF4B-00C04F79EFBC}") = "IFX Ontape Browser", "ADHDTech.IFXOntapeViewer\IFX Ontape Browser.csproj", "{12331896-9A82-4501-A960-CF0F359C7BCD}"
EndProject
Project("{FAE04EC0-301F-11D3-BF4B-00C04F79EFBC}") = "ADHDTech.OntapeReader", "ADHDTech.OntapeReader\ADHDTech.OntapeReader.csproj", "{49338958-4DAA-405B-9630-0089422E1643}"
EndProject
Project("{FAE04EC0-301F-11D3-BF4B-00C04F79EFBC}") = "CUCM AXL Query", "CUCM AXL Query\CUCM AXL Query.csproj", "{1FA919D0-6589-4E6F-A10D-D554F24CBCCF}"
EndProject
Project("{FAE04EC0-301F-11D3-BF4B-00C04F79EFBC}") = "ADHDTech.UCOSClients", "ADHDTech.UCOSClients\ADHDTech.UCOSClients.csproj", "{CF00BF49-6ED6-465B-9705-5DA9B39D138D}"
EndProject
Global
	GlobalSection(SolutionConfigurationPlatforms) = preSolution
		Debug|Any CPU = Debug|Any CPU
		Debug|x86 = Debug|x86
		Release|Any CPU = Release|Any CPU
		Release|x86 = Release|x86
	EndGlobalSection
	GlobalSection(ProjectConfigurationPlatforms) = postSolution
		{86C632F6-C599-4370-80AF-3FB963A2742C}.Debug|Any CPU.ActiveCfg = Debug|Any CPU
		{86C632F6-C599-4370-80AF-3FB963A2742C}.Debug|Any CPU.Build.0 = Debug|Any CPU
		{86C632F6-C599-4370-80AF-3FB963A2742C}.Debug|x86.ActiveCfg = Debug|Any CPU
		{86C632F6-C599-4370-80AF-3FB963A2742C}.Debug|x86.Build.0 = Debug|Any CPU
		{86C632F6-C599-4370-80AF-3FB963A2742C}.Release|Any CPU.ActiveCfg = Release|Any CPU
		{86C632F6-C599-4370-80AF-3FB963A2742C}.Release|Any CPU.Build.0 = Release|Any CPU
		{86C632F6-C599-4370-80AF-3FB963A2742C}.Release|x86.ActiveCfg = Release|Any CPU
		{86C632F6-C599-4370-80AF-3FB963A2742C}.Release|x86.Build.0 = Release|Any CPU
		{1F6710E9-ED7B-4288-9EC0-5FB531F664B0}.Debug|Any CPU.ActiveCfg = Debug|Any CPU
		{1F6710E9-ED7B-4288-9EC0-5FB531F664B0}.Debug|Any CPU.Build.0 = Debug|Any CPU
		{1F6710E9-ED7B-4288-9EC0-5FB531F664B0}.Debug|x86.ActiveCfg = Debug|Any CPU
		{1F6710E9-ED7B-4288-9EC0-5FB531F664B0}.Debug|x86.Build.0 = Debug|Any CPU
		{1F6710E9-ED7B-4288-9EC0-5FB531F664B0}.Release|Any CPU.ActiveCfg = Release|Any CPU
		{1F6710E9-ED7B-4288-9EC0-5FB531F664B0}.Release|Any CPU.Build.0 = Release|Any CPU
		{1F6710E9-ED7B-4288-9EC0-5FB531F664B0}.Release|x86.ActiveCfg = Release|Any CPU
		{1F6710E9-ED7B-4288-9EC0-5FB531F664B0}.Release|x86.Build.0 = Release|Any CPU
		{DC74F425-C74E-416E-A4F0-4D734DFF4A71}.Debug|Any CPU.ActiveCfg = Debug|Any CPU
		{DC74F425-C74E-416E-A4F0-4D734DFF4A71}.Debug|Any CPU.Build.0 = Debug|Any CPU
		{DC74F425-C74E-416E-A4F0-4D734DFF4A71}.Debug|x86.ActiveCfg = Debug|Any CPU
		{DC74F425-C74E-416E-A4F0-4D734DFF4A71}.Debug|x86.Build.0 = Debug|Any CPU
		{DC74F425-C74E-416E-A4F0-4D734DFF4A71}.Release|Any CPU.ActiveCfg = Release|Any CPU
		{DC74F425-C74E-416E-A4F0-4D734DFF4A71}.Release|Any CPU.Build.0 = Release|Any CPU
		{DC74F425-C74E-416E-A4F0-4D734DFF4A71}.Release|x86.ActiveCfg = Release|Any CPU
		{DC74F425-C74E-416E-A4F0-4D734DFF4A71}.Release|x86.Build.0 = Release|Any CPU
		{87B03CDE-7E9A-414B-B47C-E1B76E52BCF6}.Debug|Any CPU.ActiveCfg = Debug|Any CPU
		{87B03CDE-7E9A-414B-B47C-E1B76E52BCF6}.Debug|Any CPU.Build.0 = Debug|Any CPU
		{87B03CDE-7E9A-414B-B47C-E1B76E52BCF6}.Debug|x86.ActiveCfg = Debug|Any CPU
		{87B03CDE-7E9A-414B-B47C-E1B76E52BCF6}.Debug|x86.Build.0 = Debug|Any CPU
		{87B03CDE-7E9A-414B-B47C-E1B76E52BCF6}.Release|Any CPU.ActiveCfg = Release|Any CPU
		{87B03CDE-7E9A-414B-B47C-E1B76E52BCF6}.Release|Any CPU.Build.0 = Release|Any CPU
		{87B03CDE-7E9A-414B-B47C-E1B76E52BCF6}.Release|x86.ActiveCfg = Release|Any CPU
		{87B03CDE-7E9A-414B-B47C-E1B76E52BCF6}.Release|x86.Build.0 = Release|Any CPU
		{B2968C8D-BF74-496C-8455-581EECFB3DC0}.Debug|Any CPU.ActiveCfg = Debug|x86
		{B2968C8D-BF74-496C-8455-581EECFB3DC0}.Debug|x86.ActiveCfg = Debug|x86
		{B2968C8D-BF74-496C-8455-581EECFB3DC0}.Debug|x86.Build.0 = Debug|x86
		{B2968C8D-BF74-496C-8455-581EECFB3DC0}.Release|Any CPU.ActiveCfg = Release|x86
		{B2968C8D-BF74-496C-8455-581EECFB3DC0}.Release|x86.ActiveCfg = Release|x86
		{B2968C8D-BF74-496C-8455-581EECFB3DC0}.Release|x86.Build.0 = Release|x86
		{2F5F8C90-0BD1-424F-997C-7BC6280919D1}.Debug|Any CPU.ActiveCfg = Debug|Any CPU
		{2F5F8C90-0BD1-424F-997C-7BC6280919D1}.Debug|Any CPU.Build.0 = Debug|Any CPU
		{2F5F8C90-0BD1-424F-997C-7BC6280919D1}.Debug|x86.ActiveCfg = Debug|Any CPU
		{2F5F8C90-0BD1-424F-997C-7BC6280919D1}.Debug|x86.Build.0 = Debug|Any CPU
		{2F5F8C90-0BD1-424F-997C-7BC6280919D1}.Release|Any CPU.ActiveCfg = Release|Any CPU
		{2F5F8C90-0BD1-424F-997C-7BC6280919D1}.Release|Any CPU.Build.0 = Release|Any CPU
		{2F5F8C90-0BD1-424F-997C-7BC6280919D1}.Release|x86.ActiveCfg = Release|Any CPU
		{2F5F8C90-0BD1-424F-997C-7BC6280919D1}.Release|x86.Build.0 = Release|Any CPU
		{CD960BFA-F8CB-4EA8-864A-8226A517AE28}.Debug|Any CPU.ActiveCfg = Debug|x86
		{CD960BFA-F8CB-4EA8-864A-8226A517AE28}.Debug|x86.ActiveCfg = Debug|x86
		{CD960BFA-F8CB-4EA8-864A-8226A517AE28}.Debug|x86.Build.0 = Debug|x86
		{CD960BFA-F8CB-4EA8-864A-8226A517AE28}.Release|Any CPU.ActiveCfg = Release|x86
		{CD960BFA-F8CB-4EA8-864A-8226A517AE28}.Release|x86.ActiveCfg = Release|x86
		{CD960BFA-F8CB-4EA8-864A-8226A517AE28}.Release|x86.Build.0 = Release|x86
		{12331896-9A82-4501-A960-CF0F359C7BCD}.Debug|Any CPU.ActiveCfg = Debug|x86
		{12331896-9A82-4501-A960-CF0F359C7BCD}.Debug|x86.ActiveCfg = Debug|x86
		{12331896-9A82-4501-A960-CF0F359C7BCD}.Debug|x86.Build.0 = Debug|x86
		{12331896-9A82-4501-A960-CF0F359C7BCD}.Release|Any CPU.ActiveCfg = Release|x86
		{12331896-9A82-4501-A960-CF0F359C7BCD}.Release|x86.ActiveCfg = Release|x86
		{12331896-9A82-4501-A960-CF0F359C7BCD}.Release|x86.Build.0 = Release|x86
		{49338958-4DAA-405B-9630-0089422E1643}.Debug|Any CPU.ActiveCfg = Debug|Any CPU
		{49338958-4DAA-405B-9630-0089422E1643}.Debug|Any CPU.Build.0 = Debug|Any CPU
		{49338958-4DAA-405B-9630-0089422E1643}.Debug|x86.ActiveCfg = Debug|Any CPU
		{49338958-4DAA-405B-9630-0089422E1643}.Debug|x86.Build.0 = Debug|Any CPU
		{49338958-4DAA-405B-9630-0089422E1643}.Release|Any CPU.ActiveCfg = Release|Any CPU
		{49338958-4DAA-405B-9630-0089422E1643}.Release|Any CPU.Build.0 = Release|Any CPU
		{49338958-4DAA-405B-9630-0089422E1643}.Release|x86.ActiveCfg = Release|Any CPU
		{49338958-4DAA-405B-9630-0089422E1643}.Release|x86.Build.0 = Release|Any CPU
		{1FA919D0-6589-4E6F-A10D-D554F24CBCCF}.Debug|Any CPU.ActiveCfg = Debug|Any CPU
		{1FA919D0-6589-4E6F-A10D-D554F24CBCCF}.Debug|Any CPU.Build.0 = Debug|Any CPU
		{1FA919D0-6589-4E6F-A10D-D554F24CBCCF}.Debug|x86.ActiveCfg = Debug|Any CPU
		{1FA919D0-6589-4E6F-A10D-D554F24CBCCF}.Debug|x86.Build.0 = Debug|Any CPU
		{1FA919D0-6589-4E6F-A10D-D554F24CBCCF}.Release|Any CPU.ActiveCfg = Release|Any CPU
		{1FA919D0-6589-4E6F-A10D-D554F24CBCCF}.Release|Any CPU.Build.0 = Release|Any CPU
		{1FA919D0-6589-4E6F-A10D-D554F24CBCCF}.Release|x86.ActiveCfg = Release|Any CPU
		{1FA919D0-6589-4E6F-A10D-D554F24CBCCF}.Release|x86.Build.0 = Release|Any CPU
		{CF00BF49-6ED6-465B-9705-5DA9B39D138D}.Debug|Any CPU.ActiveCfg = Debug|Any CPU
		{CF00BF49-6ED6-465B-9705-5DA9B39D138D}.Debug|Any CPU.Build.0 = Debug|Any CPU
		{CF00BF49-6ED6-465B-9705-5DA9B39D138D}.Debug|x86.ActiveCfg = Debug|Any CPU
		{CF00BF49-6ED6-465B-9705-5DA9B39D138D}.Debug|x86.Build.0 = Debug|Any CPU
		{CF00BF49-6ED6-465B-9705-5DA9B39D138D}.Release|Any CPU.ActiveCfg = Release|Any CPU
		{CF00BF49-6ED6-465B-9705-5DA9B39D138D}.Release|Any CPU.Build.0 = Release|Any CPU
		{CF00BF49-6ED6-465B-9705-5DA9B39D138D}.Release|x86.ActiveCfg = Release|Any CPU
		{CF00BF49-6ED6-465B-9705-5DA9B39D138D}.Release|x86.Build.0 = Release|Any CPU
	EndGlobalSection
	GlobalSection(SolutionProperties) = preSolution
		HideSolutionNode = FALSE
	EndGlobalSection
	GlobalSection(ExtensibilityGlobals) = postSolution
		SolutionGuid = {AE63E96A-FCD0-4053-848C-B93346B19344}
	EndGlobalSection
EndGlobal
